{
  "requires": true,
  "lockfileVersion": 1,
  "dependencies": {
    "react-icons": {
      "version": "4.11.0",
      "resolved": "https://registry.npmjs.org/react-icons/-/react-icons-4.11.0.tgz",
      "integrity": "sha512-V+4khzYcE5EBk/BvcuYRq6V/osf11ODUM2J8hg2FDSswRrGvqiYUYPRy4OdrWaQOBj4NcpJfmHZLNaD+VH0TyA=="
    }
  }
}
